// !$*UTF8*$!
{
	archiveVersion = 1;
	classes = {
	};
	objectVersion = 46;
	objects = {

/* Begin PBXBuildFile section */
		ED2A4988165C7FB1008F6F82 /* UIKit.framework in Frameworks */ = {isa = PBXBuildFile; fileRef = ED2A4987165C7FB1008F6F82 /* UIKit.framework */; };
		ED2A498A165C7FB1008F6F82 /* Foundation.framework in Frameworks */ = {isa = PBXBuildFile; fileRef = ED2A4989165C7FB1008F6F82 /* Foundation.framework */; };
		ED2A498C165C7FB1008F6F82 /* CoreGraphics.framework in Frameworks */ = {isa = PBXBuildFile; fileRef = ED2A498B165C7FB1008F6F82 /* CoreGraphics.framework */; };
		ED2A4992165C7FB1008F6F82 /* InfoPlist.strings in Resources */ = {isa = PBXBuildFile; fileRef = ED2A4990165C7FB1008F6F82 /* InfoPlist.strings */; };
		ED2A4994165C7FB1008F6F82 /* main.m in Sources */ = {isa = PBXBuildFile; fileRef = ED2A4993165C7FB1008F6F82 /* main.m */; };
		ED2A4998165C7FB1008F6F82 /* AppDelegate.m in Sources */ = {isa = PBXBuildFile; fileRef = ED2A4997165C7FB1008F6F82 /* AppDelegate.m */; };
		ED2A499A165C7FB1008F6F82 /* Default.png in Resources */ = {isa = PBXBuildFile; fileRef = ED2A4999165C7FB1008F6F82 /* Default.png */; };
		ED2A499C165C7FB1008F6F82 /* Default@2x.png in Resources */ = {isa = PBXBuildFile; fileRef = ED2A499B165C7FB1008F6F82 /* Default@2x.png */; };
		ED2A499E165C7FB1008F6F82 /* Default-568h@2x.png in Resources */ = {isa = PBXBuildFile; fileRef = ED2A499D165C7FB1008F6F82 /* Default-568h@2x.png */; };
		ED2A49A1165C7FB1008F6F82 /* MainStoryboard_iPhone.storyboard in Resources */ = {isa = PBXBuildFile; fileRef = ED2A499F165C7FB1008F6F82 /* MainStoryboard_iPhone.storyboard */; };
		ED2A49A4165C7FB1008F6F82 /* MainStoryboard_iPad.storyboard in Resources */ = {isa = PBXBuildFile; fileRef = ED2A49A2165C7FB1008F6F82 /* MainStoryboard_iPad.storyboard */; };
		ED2A49A7165C7FB1008F6F82 /* FirstViewController.m in Sources */ = {isa = PBXBuildFile; fileRef = ED2A49A6165C7FB1008F6F82 /* FirstViewController.m */; };
		ED2A49A9165C7FB1008F6F82 /* first.png in Resources */ = {isa = PBXBuildFile; fileRef = ED2A49A8165C7FB1008F6F82 /* first.png */; };
		ED2A49AB165C7FB1008F6F82 /* first@2x.png in Resources */ = {isa = PBXBuildFile; fileRef = ED2A49AA165C7FB1008F6F82 /* first@2x.png */; };
		ED2A49AE165C7FB1008F6F82 /* SecondViewController.m in Sources */ = {isa = PBXBuildFile; fileRef = ED2A49AD165C7FB1008F6F82 /* SecondViewController.m */; };
		ED2A49B0165C7FB1008F6F82 /* second.png in Resources */ = {isa = PBXBuildFile; fileRef = ED2A49AF165C7FB1008F6F82 /* second.png */; };
		ED2A49B2165C7FB1008F6F82 /* second@2x.png in Resources */ = {isa = PBXBuildFile; fileRef = ED2A49B1165C7FB1008F6F82 /* second@2x.png */; };
		ED2A49BA165C7FB1008F6F82 /* SenTestingKit.framework in Frameworks */ = {isa = PBXBuildFile; fileRef = ED2A49B9165C7FB1008F6F82 /* SenTestingKit.framework */; };
		ED2A49BB165C7FB1008F6F82 /* UIKit.framework in Frameworks */ = {isa = PBXBuildFile; fileRef = ED2A4987165C7FB1008F6F82 /* UIKit.framework */; };
		ED2A49BC165C7FB1008F6F82 /* Foundation.framework in Frameworks */ = {isa = PBXBuildFile; fileRef = ED2A4989165C7FB1008F6F82 /* Foundation.framework */; };
		ED2A49C4165C7FB1008F6F82 /* InfoPlist.strings in Resources */ = {isa = PBXBuildFile; fileRef = ED2A49C2165C7FB1008F6F82 /* InfoPlist.strings */; };
		ED2A49C7165C7FB1008F6F82 /* FitLock2Tests.m in Sources */ = {isa = PBXBuildFile; fileRef = ED2A49C6165C7FB1008F6F82 /* FitLock2Tests.m */; };
		ED2A49DA165C95D1008F6F82 /* bg-1.png in Resources */ = {isa = PBXBuildFile; fileRef = ED2A49D9165C95D1008F6F82 /* bg-1.png */; };
		ED2A49E9165C9FBE008F6F82 /* MyLabel.m in Sources */ = {isa = PBXBuildFile; fileRef = ED2A49E8165C9FBE008F6F82 /* MyLabel.m */; };
		ED2A49EF165CA657008F6F82 /* me.jpg in Resources */ = {isa = PBXBuildFile; fileRef = ED2A49EE165CA657008F6F82 /* me.jpg */; };
		ED2A49F1165CA7B5008F6F82 /* me.png in Resources */ = {isa = PBXBuildFile; fileRef = ED2A49F0165CA7B5008F6F82 /* me.png */; };
		ED2A49F3165CB067008F6F82 /* splash.png in Resources */ = {isa = PBXBuildFile; fileRef = ED2A49F2165CB067008F6F82 /* splash.png */; };
		ED2A49F5165CB08F008F6F82 /* Default.png in Resources */ = {isa = PBXBuildFile; fileRef = ED2A49F4165CB08F008F6F82 /* Default.png */; };
		ED2A49F7165CB0A4008F6F82 /* Default@2x.png in Resources */ = {isa = PBXBuildFile; fileRef = ED2A49F6165CB0A4008F6F82 /* Default@2x.png */; };
		ED2A49F9165CB0C6008F6F82 /* Default-568h@2x.png in Resources */ = {isa = PBXBuildFile; fileRef = ED2A49F8165CB0C6008F6F82 /* Default-568h@2x.png */; };
		ED3BA5FC16D2289600722029 /* UserData.m in Sources */ = {isa = PBXBuildFile; fileRef = ED3BA5FB16D2289600722029 /* UserData.m */; };
		ED3BA60316D2304200722029 /* pencil.png in Resources */ = {isa = PBXBuildFile; fileRef = ED3BA60216D2304200722029 /* pencil.png */; };
		ED3BA60716D231E800722029 /* transparent.gif in Resources */ = {isa = PBXBuildFile; fileRef = ED3BA60616D231E800722029 /* transparent.gif */; };
		ED52546716686E6B00694120 /* icon.png in Resources */ = {isa = PBXBuildFile; fileRef = ED52546616686E6B00694120 /* icon.png */; };
		ED52546916686EF800694120 /* icon_retina.png in Resources */ = {isa = PBXBuildFile; fileRef = ED52546816686EF800694120 /* icon_retina.png */; };
		ED52546C1668945600694120 /* ThirdViewController.m in Sources */ = {isa = PBXBuildFile; fileRef = ED52546B1668945600694120 /* ThirdViewController.m */; };
		EDAED65B16EE66370069BBF8 /* countries.plist in Resources */ = {isa = PBXBuildFile; fileRef = EDAED65A16EE66370069BBF8 /* countries.plist */; };
		EDAED6A816EE8A4C0069BBF8 /* HistoryViewController.m in Sources */ = {isa = PBXBuildFile; fileRef = EDAED6A716EE8A4C0069BBF8 /* HistoryViewController.m */; };
		EDD77B4C16E54FC700335F1E /* pencil-1.png in Resources */ = {isa = PBXBuildFile; fileRef = EDD77B4B16E54FC700335F1E /* pencil-1.png */; };
		EDD77B4E16E5773A00335F1E /* AudioToolbox.framework in Frameworks */ = {isa = PBXBuildFile; fileRef = EDD77B4D16E5773A00335F1E /* AudioToolbox.framework */; };
		EDF475BD1714DF0800876322 /* FacebookSDK.framework in Frameworks */ = {isa = PBXBuildFile; fileRef = EDF475BC1714DF0800876322 /* FacebookSDK.framework */; };
		EDF475BF1714DF4A00876322 /* FacebookSDKResources.bundle in Resources */ = {isa = PBXBuildFile; fileRef = EDF475BE1714DF4A00876322 /* FacebookSDKResources.bundle */; };
		EDF475C31714DF9400876322 /* Accounts.framework in Frameworks */ = {isa = PBXBuildFile; fileRef = EDF475C01714DF9400876322 /* Accounts.framework */; };
		EDF475C41714DF9400876322 /* AdSupport.framework in Frameworks */ = {isa = PBXBuildFile; fileRef = EDF475C11714DF9400876322 /* AdSupport.framework */; };
		EDF475C51714DF9400876322 /* Social.framework in Frameworks */ = {isa = PBXBuildFile; fileRef = EDF475C21714DF9400876322 /* Social.framework */; };
		EDF475C81715335A00876322 /* UserWorkoutHistory.m in Sources */ = {isa = PBXBuildFile; fileRef = EDF475C71715335A00876322 /* UserWorkoutHistory.m */; };
		EDF475CA1715794B00876322 /* silhouette.png in Resources */ = {isa = PBXBuildFile; fileRef = EDF475C91715794B00876322 /* silhouette.png */; };
		EDF6069416C228DF00BA4CBA /* nav1.png in Resources */ = {isa = PBXBuildFile; fileRef = EDF6069116C228DE00BA4CBA /* nav1.png */; };
		EDF6069516C228DF00BA4CBA /* nav2.png in Resources */ = {isa = PBXBuildFile; fileRef = EDF6069216C228DE00BA4CBA /* nav2.png */; };
		EDF6069616C228DF00BA4CBA /* nav3.png in Resources */ = {isa = PBXBuildFile; fileRef = EDF6069316C228DF00BA4CBA /* nav3.png */; };
		EDF6916417023DF30032D0A2 /* ThirdViewController2.m in Sources */ = {isa = PBXBuildFile; fileRef = EDF6916317023DF30032D0A2 /* ThirdViewController2.m */; };
		EDF6916717029BC20032D0A2 /* Workout.m in Sources */ = {isa = PBXBuildFile; fileRef = EDF6916617029BC20032D0A2 /* Workout.m */; };
		EDF9DF8C1702EB1A002CABC7 /* FriBlue.png in Resources */ = {isa = PBXBuildFile; fileRef = EDF9DF7E1702EB19002CABC7 /* FriBlue.png */; };
		EDF9DF8D1702EB1A002CABC7 /* FriWhite.png in Resources */ = {isa = PBXBuildFile; fileRef = EDF9DF7F1702EB19002CABC7 /* FriWhite.png */; };
		EDF9DF8E1702EB1A002CABC7 /* MonBlue.png in Resources */ = {isa = PBXBuildFile; fileRef = EDF9DF801702EB19002CABC7 /* MonBlue.png */; };
		EDF9DF8F1702EB1A002CABC7 /* MonWhite.png in Resources */ = {isa = PBXBuildFile; fileRef = EDF9DF811702EB1A002CABC7 /* MonWhite.png */; };
		EDF9DF901702EB1A002CABC7 /* SatBlue.png in Resources */ = {isa = PBXBuildFile; fileRef = EDF9DF821702EB1A002CABC7 /* SatBlue.png */; };
		EDF9DF911702EB1A002CABC7 /* SatWhite.png in Resources */ = {isa = PBXBuildFile; fileRef = EDF9DF831702EB1A002CABC7 /* SatWhite.png */; };
		EDF9DF921702EB1A002CABC7 /* SunBlue.png in Resources */ = {isa = PBXBuildFile; fileRef = EDF9DF841702EB1A002CABC7 /* SunBlue.png */; };
		EDF9DF931702EB1A002CABC7 /* SunWhite.png in Resources */ = {isa = PBXBuildFile; fileRef = EDF9DF851702EB1A002CABC7 /* SunWhite.png */; };
		EDF9DF941702EB1A002CABC7 /* ThuBlue.png in Resources */ = {isa = PBXBuildFile; fileRef = EDF9DF861702EB1A002CABC7 /* ThuBlue.png */; };
		EDF9DF951702EB1A002CABC7 /* ThuWhite.png in Resources */ = {isa = PBXBuildFile; fileRef = EDF9DF871702EB1A002CABC7 /* ThuWhite.png */; };
		EDF9DF961702EB1A002CABC7 /* TueBlue.png in Resources */ = {isa = PBXBuildFile; fileRef = EDF9DF881702EB1A002CABC7 /* TueBlue.png */; };
		EDF9DF971702EB1A002CABC7 /* TueWhite.png in Resources */ = {isa = PBXBuildFile; fileRef = EDF9DF891702EB1A002CABC7 /* TueWhite.png */; };
		EDF9DF981702EB1A002CABC7 /* WedBlue.png in Resources */ = {isa = PBXBuildFile; fileRef = EDF9DF8A1702EB1A002CABC7 /* WedBlue.png */; };
		EDF9DF991702EB1A002CABC7 /* WedWhite.png in Resources */ = {isa = PBXBuildFile; fileRef = EDF9DF8B1702EB1A002CABC7 /* WedWhite.png */; };
/* End PBXBuildFile section */

/* Begin PBXContainerItemProxy section */
		ED2A49BD165C7FB1008F6F82 /* PBXContainerItemProxy */ = {
			isa = PBXContainerItemProxy;
			containerPortal = ED2A497A165C7FB1008F6F82 /* Project object */;
			proxyType = 1;
			remoteGlobalIDString = ED2A4982165C7FB1008F6F82;
			remoteInfo = FitLock2;
		};
/* End PBXContainerItemProxy section */

/* Begin PBXFileReference section */
		ED2A4983165C7FB1008F6F82 /* FitLock.app */ = {isa = PBXFileReference; explicitFileType = wrapper.application; includeInIndex = 0; path = FitLock.app; sourceTree = BUILT_PRODUCTS_DIR; };
		ED2A4987165C7FB1008F6F82 /* UIKit.framework */ = {isa = PBXFileReference; lastKnownFileType = wrapper.framework; name = UIKit.framework; path = System/Library/Frameworks/UIKit.framework; sourceTree = SDKROOT; };
		ED2A4989165C7FB1008F6F82 /* Foundation.framework */ = {isa = PBXFileReference; lastKnownFileType = wrapper.framework; name = Foundation.framework; path = System/Library/Frameworks/Foundation.framework; sourceTree = SDKROOT; };
		ED2A498B165C7FB1008F6F82 /* CoreGraphics.framework */ = {isa = PBXFileReference; lastKnownFileType = wrapper.framework; name = CoreGraphics.framework; path = System/Library/Frameworks/CoreGraphics.framework; sourceTree = SDKROOT; };
		ED2A498F165C7FB1008F6F82 /* FitLock-Info.plist */ = {isa = PBXFileReference; lastKnownFileType = text.plist.xml; path = "FitLock-Info.plist"; sourceTree = "<group>"; };
		ED2A4991165C7FB1008F6F82 /* en */ = {isa = PBXFileReference; lastKnownFileType = text.plist.strings; name = en; path = en.lproj/InfoPlist.strings; sourceTree = "<group>"; };
		ED2A4993165C7FB1008F6F82 /* main.m */ = {isa = PBXFileReference; lastKnownFileType = sourcecode.c.objc; path = main.m; sourceTree = "<group>"; };
		ED2A4995165C7FB1008F6F82 /* FitLock-Prefix.pch */ = {isa = PBXFileReference; lastKnownFileType = sourcecode.c.h; path = "FitLock-Prefix.pch"; sourceTree = "<group>"; };
		ED2A4996165C7FB1008F6F82 /* AppDelegate.h */ = {isa = PBXFileReference; lastKnownFileType = sourcecode.c.h; path = AppDelegate.h; sourceTree = "<group>"; };
		ED2A4997165C7FB1008F6F82 /* AppDelegate.m */ = {isa = PBXFileReference; lastKnownFileType = sourcecode.c.objc; path = AppDelegate.m; sourceTree = "<group>"; };
		ED2A4999165C7FB1008F6F82 /* Default.png */ = {isa = PBXFileReference; lastKnownFileType = image.png; path = Default.png; sourceTree = "<group>"; };
		ED2A499B165C7FB1008F6F82 /* Default@2x.png */ = {isa = PBXFileReference; lastKnownFileType = image.png; path = "Default@2x.png"; sourceTree = "<group>"; };
		ED2A499D165C7FB1008F6F82 /* Default-568h@2x.png */ = {isa = PBXFileReference; lastKnownFileType = image.png; path = "Default-568h@2x.png"; sourceTree = "<group>"; };
		ED2A49A0165C7FB1008F6F82 /* en */ = {isa = PBXFileReference; lastKnownFileType = file.storyboard; name = en; path = en.lproj/MainStoryboard_iPhone.storyboard; sourceTree = "<group>"; };
		ED2A49A3165C7FB1008F6F82 /* en */ = {isa = PBXFileReference; lastKnownFileType = file.storyboard; name = en; path = en.lproj/MainStoryboard_iPad.storyboard; sourceTree = "<group>"; };
		ED2A49A5165C7FB1008F6F82 /* FirstViewController.h */ = {isa = PBXFileReference; lastKnownFileType = sourcecode.c.h; path = FirstViewController.h; sourceTree = "<group>"; };
		ED2A49A6165C7FB1008F6F82 /* FirstViewController.m */ = {isa = PBXFileReference; lastKnownFileType = sourcecode.c.objc; path = FirstViewController.m; sourceTree = "<group>"; };
		ED2A49A8165C7FB1008F6F82 /* first.png */ = {isa = PBXFileReference; lastKnownFileType = image.png; path = first.png; sourceTree = "<group>"; };
		ED2A49AA165C7FB1008F6F82 /* first@2x.png */ = {isa = PBXFileReference; lastKnownFileType = image.png; path = "first@2x.png"; sourceTree = "<group>"; };
		ED2A49AC165C7FB1008F6F82 /* SecondViewController.h */ = {isa = PBXFileReference; lastKnownFileType = sourcecode.c.h; path = SecondViewController.h; sourceTree = "<group>"; };
		ED2A49AD165C7FB1008F6F82 /* SecondViewController.m */ = {isa = PBXFileReference; lastKnownFileType = sourcecode.c.objc; path = SecondViewController.m; sourceTree = "<group>"; };
		ED2A49AF165C7FB1008F6F82 /* second.png */ = {isa = PBXFileReference; lastKnownFileType = image.png; path = second.png; sourceTree = "<group>"; };
		ED2A49B1165C7FB1008F6F82 /* second@2x.png */ = {isa = PBXFileReference; lastKnownFileType = image.png; path = "second@2x.png"; sourceTree = "<group>"; };
		ED2A49B8165C7FB1008F6F82 /* FitLockTests.octest */ = {isa = PBXFileReference; explicitFileType = wrapper.cfbundle; includeInIndex = 0; path = FitLockTests.octest; sourceTree = BUILT_PRODUCTS_DIR; };
		ED2A49B9165C7FB1008F6F82 /* SenTestingKit.framework */ = {isa = PBXFileReference; lastKnownFileType = wrapper.framework; name = SenTestingKit.framework; path = Library/Frameworks/SenTestingKit.framework; sourceTree = DEVELOPER_DIR; };
		ED2A49C1165C7FB1008F6F82 /* FitLockTests-Info.plist */ = {isa = PBXFileReference; lastKnownFileType = text.plist.xml; path = "FitLockTests-Info.plist"; sourceTree = "<group>"; };
		ED2A49C3165C7FB1008F6F82 /* en */ = {isa = PBXFileReference; lastKnownFileType = text.plist.strings; name = en; path = en.lproj/InfoPlist.strings; sourceTree = "<group>"; };
		ED2A49C5165C7FB1008F6F82 /* FitLock2Tests.h */ = {isa = PBXFileReference; lastKnownFileType = sourcecode.c.h; path = FitLock2Tests.h; sourceTree = "<group>"; };
		ED2A49C6165C7FB1008F6F82 /* FitLock2Tests.m */ = {isa = PBXFileReference; lastKnownFileType = sourcecode.c.objc; path = FitLock2Tests.m; sourceTree = "<group>"; };
		ED2A49D9165C95D1008F6F82 /* bg-1.png */ = {isa = PBXFileReference; lastKnownFileType = image.png; path = "bg-1.png"; sourceTree = "<group>"; };
		ED2A49E7165C9FBE008F6F82 /* MyLabel.h */ = {isa = PBXFileReference; fileEncoding = 4; lastKnownFileType = sourcecode.c.h; path = MyLabel.h; sourceTree = "<group>"; };
		ED2A49E8165C9FBE008F6F82 /* MyLabel.m */ = {isa = PBXFileReference; fileEncoding = 4; lastKnownFileType = sourcecode.c.objc; path = MyLabel.m; sourceTree = "<group>"; };
		ED2A49EE165CA657008F6F82 /* me.jpg */ = {isa = PBXFileReference; lastKnownFileType = image.jpeg; path = me.jpg; sourceTree = "<group>"; };
		ED2A49F0165CA7B5008F6F82 /* me.png */ = {isa = PBXFileReference; lastKnownFileType = image.png; path = me.png; sourceTree = "<group>"; };
		ED2A49F2165CB067008F6F82 /* splash.png */ = {isa = PBXFileReference; lastKnownFileType = image.png; path = splash.png; sourceTree = "<group>"; };
		ED2A49F4165CB08F008F6F82 /* Default.png */ = {isa = PBXFileReference; lastKnownFileType = image.png; path = Default.png; sourceTree = "<group>"; };
		ED2A49F6165CB0A4008F6F82 /* Default@2x.png */ = {isa = PBXFileReference; lastKnownFileType = image.png; path = "Default@2x.png"; sourceTree = "<group>"; };
		ED2A49F8165CB0C6008F6F82 /* Default-568h@2x.png */ = {isa = PBXFileReference; lastKnownFileType = image.png; path = "Default-568h@2x.png"; sourceTree = "<group>"; };
		ED3BA5FA16D2289600722029 /* UserData.h */ = {isa = PBXFileReference; fileEncoding = 4; lastKnownFileType = sourcecode.c.h; path = UserData.h; sourceTree = "<group>"; };
		ED3BA5FB16D2289600722029 /* UserData.m */ = {isa = PBXFileReference; fileEncoding = 4; lastKnownFileType = sourcecode.c.objc; path = UserData.m; sourceTree = "<group>"; };
		ED3BA60216D2304200722029 /* pencil.png */ = {isa = PBXFileReference; lastKnownFileType = image.png; path = pencil.png; sourceTree = "<group>"; };
		ED3BA60616D231E800722029 /* transparent.gif */ = {isa = PBXFileReference; lastKnownFileType = image.gif; path = transparent.gif; sourceTree = "<group>"; };
		ED52546616686E6B00694120 /* icon.png */ = {isa = PBXFileReference; lastKnownFileType = image.png; path = icon.png; sourceTree = "<group>"; };
		ED52546816686EF800694120 /* icon_retina.png */ = {isa = PBXFileReference; lastKnownFileType = image.png; path = icon_retina.png; sourceTree = "<group>"; };
		ED52546A1668945600694120 /* ThirdViewController.h */ = {isa = PBXFileReference; fileEncoding = 4; lastKnownFileType = sourcecode.c.h; path = ThirdViewController.h; sourceTree = "<group>"; };
		ED52546B1668945600694120 /* ThirdViewController.m */ = {isa = PBXFileReference; fileEncoding = 4; lastKnownFileType = sourcecode.c.objc; path = ThirdViewController.m; sourceTree = "<group>"; };
		EDAED65A16EE66370069BBF8 /* countries.plist */ = {isa = PBXFileReference; fileEncoding = 4; lastKnownFileType = text.plist.xml; name = countries.plist; path = "../../../../../../Downloads/UITableView-Tutorial-master/UITableView-Tutorial/countries.plist"; sourceTree = "<group>"; };
		EDAED6A616EE8A4C0069BBF8 /* HistoryViewController.h */ = {isa = PBXFileReference; fileEncoding = 4; lastKnownFileType = sourcecode.c.h; path = HistoryViewController.h; sourceTree = "<group>"; };
		EDAED6A716EE8A4C0069BBF8 /* HistoryViewController.m */ = {isa = PBXFileReference; fileEncoding = 4; lastKnownFileType = sourcecode.c.objc; path = HistoryViewController.m; sourceTree = "<group>"; };
		EDD77B4B16E54FC700335F1E /* pencil-1.png */ = {isa = PBXFileReference; lastKnownFileType = image.png; path = "pencil-1.png"; sourceTree = "<group>"; };
		EDD77B4D16E5773A00335F1E /* AudioToolbox.framework */ = {isa = PBXFileReference; lastKnownFileType = wrapper.framework; name = AudioToolbox.framework; path = System/Library/Frameworks/AudioToolbox.framework; sourceTree = SDKROOT; };
		EDF475BC1714DF0800876322 /* FacebookSDK.framework */ = {isa = PBXFileReference; lastKnownFileType = wrapper.framework; path = FacebookSDK.framework; sourceTree = "<group>"; };
		EDF475BE1714DF4A00876322 /* FacebookSDKResources.bundle */ = {isa = PBXFileReference; lastKnownFileType = "wrapper.plug-in"; path = FacebookSDKResources.bundle; sourceTree = "<group>"; };
		EDF475C01714DF9400876322 /* Accounts.framework */ = {isa = PBXFileReference; lastKnownFileType = wrapper.framework; name = Accounts.framework; path = System/Library/Frameworks/Accounts.framework; sourceTree = SDKROOT; };
		EDF475C11714DF9400876322 /* AdSupport.framework */ = {isa = PBXFileReference; lastKnownFileType = wrapper.framework; name = AdSupport.framework; path = System/Library/Frameworks/AdSupport.framework; sourceTree = SDKROOT; };
		EDF475C21714DF9400876322 /* Social.framework */ = {isa = PBXFileReference; lastKnownFileType = wrapper.framework; name = Social.framework; path = System/Library/Frameworks/Social.framework; sourceTree = SDKROOT; };
		EDF475C61715335A00876322 /* UserWorkoutHistory.h */ = {isa = PBXFileReference; fileEncoding = 4; lastKnownFileType = sourcecode.c.h; path = UserWorkoutHistory.h; sourceTree = "<group>"; };
		EDF475C71715335A00876322 /* UserWorkoutHistory.m */ = {isa = PBXFileReference; fileEncoding = 4; lastKnownFileType = sourcecode.c.objc; path = UserWorkoutHistory.m; sourceTree = "<group>"; };
		EDF475C91715794B00876322 /* silhouette.png */ = {isa = PBXFileReference; lastKnownFileType = image.png; path = silhouette.png; sourceTree = "<group>"; };
		EDF6069116C228DE00BA4CBA /* nav1.png */ = {isa = PBXFileReference; lastKnownFileType = image.png; path = nav1.png; sourceTree = SOURCE_ROOT; };
		EDF6069216C228DE00BA4CBA /* nav2.png */ = {isa = PBXFileReference; lastKnownFileType = image.png; path = nav2.png; sourceTree = SOURCE_ROOT; };
		EDF6069316C228DF00BA4CBA /* nav3.png */ = {isa = PBXFileReference; lastKnownFileType = image.png; path = nav3.png; sourceTree = SOURCE_ROOT; };
		EDF6916217023DF30032D0A2 /* ThirdViewController2.h */ = {isa = PBXFileReference; fileEncoding = 4; lastKnownFileType = sourcecode.c.h; path = ThirdViewController2.h; sourceTree = "<group>"; };
		EDF6916317023DF30032D0A2 /* ThirdViewController2.m */ = {isa = PBXFileReference; fileEncoding = 4; lastKnownFileType = sourcecode.c.objc; path = ThirdViewController2.m; sourceTree = "<group>"; };
		EDF6916517029BC20032D0A2 /* Workout.h */ = {isa = PBXFileReference; fileEncoding = 4; lastKnownFileType = sourcecode.c.h; path = Workout.h; sourceTree = "<group>"; };
		EDF6916617029BC20032D0A2 /* Workout.m */ = {isa = PBXFileReference; fileEncoding = 4; lastKnownFileType = sourcecode.c.objc; path = Workout.m; sourceTree = "<group>"; };
		EDF9DF7E1702EB19002CABC7 /* FriBlue.png */ = {isa = PBXFileReference; lastKnownFileType = image.png; path = FriBlue.png; sourceTree = "<group>"; };
		EDF9DF7F1702EB19002CABC7 /* FriWhite.png */ = {isa = PBXFileReference; lastKnownFileType = image.png; path = FriWhite.png; sourceTree = "<group>"; };
		EDF9DF801702EB19002CABC7 /* MonBlue.png */ = {isa = PBXFileReference; lastKnownFileType = image.png; path = MonBlue.png; sourceTree = "<group>"; };
		EDF9DF811702EB1A002CABC7 /* MonWhite.png */ = {isa = PBXFileReference; lastKnownFileType = image.png; path = MonWhite.png; sourceTree = "<group>"; };
		EDF9DF821702EB1A002CABC7 /* SatBlue.png */ = {isa = PBXFileReference; lastKnownFileType = image.png; path = SatBlue.png; sourceTree = "<group>"; };
		EDF9DF831702EB1A002CABC7 /* SatWhite.png */ = {isa = PBXFileReference; lastKnownFileType = image.png; path = SatWhite.png; sourceTree = "<group>"; };
		EDF9DF841702EB1A002CABC7 /* SunBlue.png */ = {isa = PBXFileReference; lastKnownFileType = image.png; path = SunBlue.png; sourceTree = "<group>"; };
		EDF9DF851702EB1A002CABC7 /* SunWhite.png */ = {isa = PBXFileReference; lastKnownFileType = image.png; path = SunWhite.png; sourceTree = "<group>"; };
		EDF9DF861702EB1A002CABC7 /* ThuBlue.png */ = {isa = PBXFileReference; lastKnownFileType = image.png; path = ThuBlue.png; sourceTree = "<group>"; };
		EDF9DF871702EB1A002CABC7 /* ThuWhite.png */ = {isa = PBXFileReference; lastKnownFileType = image.png; path = ThuWhite.png; sourceTree = "<group>"; };
		EDF9DF881702EB1A002CABC7 /* TueBlue.png */ = {isa = PBXFileReference; lastKnownFileType = image.png; path = TueBlue.png; sourceTree = "<group>"; };
		EDF9DF891702EB1A002CABC7 /* TueWhite.png */ = {isa = PBXFileReference; lastKnownFileType = image.png; path = TueWhite.png; sourceTree = "<group>"; };
		EDF9DF8A1702EB1A002CABC7 /* WedBlue.png */ = {isa = PBXFileReference; lastKnownFileType = image.png; path = WedBlue.png; sourceTree = "<group>"; };
		EDF9DF8B1702EB1A002CABC7 /* WedWhite.png */ = {isa = PBXFileReference; lastKnownFileType = image.png; path = WedWhite.png; sourceTree = "<group>"; };
/* End PBXFileReference section */

/* Begin PBXFrameworksBuildPhase section */
		ED2A4980165C7FB1008F6F82 /* Frameworks */ = {
			isa = PBXFrameworksBuildPhase;
			buildActionMask = 2147483647;
			files = (
				EDF475C31714DF9400876322 /* Accounts.framework in Frameworks */,
				EDF475C41714DF9400876322 /* AdSupport.framework in Frameworks */,
				EDF475C51714DF9400876322 /* Social.framework in Frameworks */,
				EDD77B4E16E5773A00335F1E /* AudioToolbox.framework in Frameworks */,
				ED2A4988165C7FB1008F6F82 /* UIKit.framework in Frameworks */,
				ED2A498A165C7FB1008F6F82 /* Foundation.framework in Frameworks */,
				ED2A498C165C7FB1008F6F82 /* CoreGraphics.framework in Frameworks */,
				EDF475BD1714DF0800876322 /* FacebookSDK.framework in Frameworks */,
			);
			runOnlyForDeploymentPostprocessing = 0;
		};
		ED2A49B4165C7FB1008F6F82 /* Frameworks */ = {
			isa = PBXFrameworksBuildPhase;
			buildActionMask = 2147483647;
			files = (
				ED2A49BA165C7FB1008F6F82 /* SenTestingKit.framework in Frameworks */,
				ED2A49BB165C7FB1008F6F82 /* UIKit.framework in Frameworks */,
				ED2A49BC165C7FB1008F6F82 /* Foundation.framework in Frameworks */,
			);
			runOnlyForDeploymentPostprocessing = 0;
		};
/* End PBXFrameworksBuildPhase section */

/* Begin PBXGroup section */
		ED2A4978165C7FB1008F6F82 = {
			isa = PBXGroup;
			children = (
				EDD77B4D16E5773A00335F1E /* AudioToolbox.framework */,
				ED52546816686EF800694120 /* icon_retina.png */,
				ED52546616686E6B00694120 /* icon.png */,
				ED2A49F8165CB0C6008F6F82 /* Default-568h@2x.png */,
				ED2A49F6165CB0A4008F6F82 /* Default@2x.png */,
				ED2A49F4165CB08F008F6F82 /* Default.png */,
				ED2A498D165C7FB1008F6F82 /* FitLock2 */,
				ED2A49BF165C7FB1008F6F82 /* FitLock2Tests */,
				ED2A4986165C7FB1008F6F82 /* Frameworks */,
				ED2A4984165C7FB1008F6F82 /* Products */,
			);
			sourceTree = "<group>";
		};
		ED2A4984165C7FB1008F6F82 /* Products */ = {
			isa = PBXGroup;
			children = (
				ED2A4983165C7FB1008F6F82 /* FitLock.app */,
				ED2A49B8165C7FB1008F6F82 /* FitLockTests.octest */,
			);
			name = Products;
			sourceTree = "<group>";
		};
		ED2A4986165C7FB1008F6F82 /* Frameworks */ = {
			isa = PBXGroup;
			children = (
				EDF475C01714DF9400876322 /* Accounts.framework */,
				EDF475C11714DF9400876322 /* AdSupport.framework */,
				EDF475C21714DF9400876322 /* Social.framework */,
				EDF475BE1714DF4A00876322 /* FacebookSDKResources.bundle */,
				EDF475BC1714DF0800876322 /* FacebookSDK.framework */,
				ED2A4987165C7FB1008F6F82 /* UIKit.framework */,
				ED2A4989165C7FB1008F6F82 /* Foundation.framework */,
				ED2A498B165C7FB1008F6F82 /* CoreGraphics.framework */,
				ED2A49B9165C7FB1008F6F82 /* SenTestingKit.framework */,
			);
			name = Frameworks;
			sourceTree = "<group>";
		};
		ED2A498D165C7FB1008F6F82 /* FitLock2 */ = {
			isa = PBXGroup;
			children = (
				EDF475C91715794B00876322 /* silhouette.png */,
				EDF9DF7E1702EB19002CABC7 /* FriBlue.png */,
				EDF9DF7F1702EB19002CABC7 /* FriWhite.png */,
				EDF9DF801702EB19002CABC7 /* MonBlue.png */,
				EDF9DF811702EB1A002CABC7 /* MonWhite.png */,
				EDF9DF821702EB1A002CABC7 /* SatBlue.png */,
				EDF9DF831702EB1A002CABC7 /* SatWhite.png */,
				EDF9DF841702EB1A002CABC7 /* SunBlue.png */,
				EDF9DF851702EB1A002CABC7 /* SunWhite.png */,
				EDF9DF861702EB1A002CABC7 /* ThuBlue.png */,
				EDF9DF871702EB1A002CABC7 /* ThuWhite.png */,
				EDF9DF881702EB1A002CABC7 /* TueBlue.png */,
				EDF9DF891702EB1A002CABC7 /* TueWhite.png */,
				EDF9DF8A1702EB1A002CABC7 /* WedBlue.png */,
				EDF9DF8B1702EB1A002CABC7 /* WedWhite.png */,
				EDD77B4B16E54FC700335F1E /* pencil-1.png */,
				ED3BA60616D231E800722029 /* transparent.gif */,
				ED3BA60216D2304200722029 /* pencil.png */,
				EDF6069116C228DE00BA4CBA /* nav1.png */,
				EDF6069216C228DE00BA4CBA /* nav2.png */,
				EDF6069316C228DF00BA4CBA /* nav3.png */,
				ED2A49F2165CB067008F6F82 /* splash.png */,
				ED2A49F0165CA7B5008F6F82 /* me.png */,
				ED2A49EE165CA657008F6F82 /* me.jpg */,
				ED2A49D9165C95D1008F6F82 /* bg-1.png */,
				ED2A4996165C7FB1008F6F82 /* AppDelegate.h */,
				ED2A4997165C7FB1008F6F82 /* AppDelegate.m */,
				ED2A499F165C7FB1008F6F82 /* MainStoryboard_iPhone.storyboard */,
				ED2A49A2165C7FB1008F6F82 /* MainStoryboard_iPad.storyboard */,
				ED2A49A5165C7FB1008F6F82 /* FirstViewController.h */,
				ED2A49A6165C7FB1008F6F82 /* FirstViewController.m */,
				ED2A49A8165C7FB1008F6F82 /* first.png */,
				ED2A49AA165C7FB1008F6F82 /* first@2x.png */,
				ED2A49AC165C7FB1008F6F82 /* SecondViewController.h */,
				ED2A49AD165C7FB1008F6F82 /* SecondViewController.m */,
				ED2A49AF165C7FB1008F6F82 /* second.png */,
				ED2A49B1165C7FB1008F6F82 /* second@2x.png */,
				ED2A498E165C7FB1008F6F82 /* Supporting Files */,
				ED2A49E7165C9FBE008F6F82 /* MyLabel.h */,
				ED2A49E8165C9FBE008F6F82 /* MyLabel.m */,
				ED52546A1668945600694120 /* ThirdViewController.h */,
				ED52546B1668945600694120 /* ThirdViewController.m */,
				EDF6916217023DF30032D0A2 /* ThirdViewController2.h */,
				EDF6916317023DF30032D0A2 /* ThirdViewController2.m */,
				EDAED6A616EE8A4C0069BBF8 /* HistoryViewController.h */,
				EDAED6A716EE8A4C0069BBF8 /* HistoryViewController.m */,
				EDF6916517029BC20032D0A2 /* Workout.h */,
				EDF6916617029BC20032D0A2 /* Workout.m */,
				ED3BA5FA16D2289600722029 /* UserData.h */,
				ED3BA5FB16D2289600722029 /* UserData.m */,
				EDF475C61715335A00876322 /* UserWorkoutHistory.h */,
				EDF475C71715335A00876322 /* UserWorkoutHistory.m */,
			);
			path = FitLock2;
			sourceTree = "<group>";
		};
		ED2A498E165C7FB1008F6F82 /* Supporting Files */ = {
			isa = PBXGroup;
			children = (
				EDAED65A16EE66370069BBF8 /* countries.plist */,
				ED2A498F165C7FB1008F6F82 /* FitLock-Info.plist */,
				ED2A4990165C7FB1008F6F82 /* InfoPlist.strings */,
				ED2A4993165C7FB1008F6F82 /* main.m */,
				ED2A4995165C7FB1008F6F82 /* FitLock-Prefix.pch */,
				ED2A4999165C7FB1008F6F82 /* Default.png */,
				ED2A499B165C7FB1008F6F82 /* Default@2x.png */,
				ED2A499D165C7FB1008F6F82 /* Default-568h@2x.png */,
			);
			name = "Supporting Files";
			sourceTree = "<group>";
		};
		ED2A49BF165C7FB1008F6F82 /* FitLock2Tests */ = {
			isa = PBXGroup;
			children = (
				ED2A49C5165C7FB1008F6F82 /* FitLock2Tests.h */,
				ED2A49C6165C7FB1008F6F82 /* FitLock2Tests.m */,
				ED2A49C0165C7FB1008F6F82 /* Supporting Files */,
			);
			path = FitLock2Tests;
			sourceTree = "<group>";
		};
		ED2A49C0165C7FB1008F6F82 /* Supporting Files */ = {
			isa = PBXGroup;
			children = (
				ED2A49C1165C7FB1008F6F82 /* FitLockTests-Info.plist */,
				ED2A49C2165C7FB1008F6F82 /* InfoPlist.strings */,
			);
			name = "Supporting Files";
			sourceTree = "<group>";
		};
/* End PBXGroup section */

/* Begin PBXNativeTarget section */
		ED2A4982165C7FB1008F6F82 /* FitLock */ = {
			isa = PBXNativeTarget;
			buildConfigurationList = ED2A49CA165C7FB1008F6F82 /* Build configuration list for PBXNativeTarget "FitLock" */;
			buildPhases = (
				ED2A497F165C7FB1008F6F82 /* Sources */,
				ED2A4980165C7FB1008F6F82 /* Frameworks */,
				ED2A4981165C7FB1008F6F82 /* Resources */,
			);
			buildRules = (
			);
			dependencies = (
			);
			name = FitLock;
			productName = FitLock2;
			productReference = ED2A4983165C7FB1008F6F82 /* FitLock.app */;
			productType = "com.apple.product-type.application";
		};
		ED2A49B7165C7FB1008F6F82 /* FitLockTests */ = {
			isa = PBXNativeTarget;
			buildConfigurationList = ED2A49CD165C7FB1008F6F82 /* Build configuration list for PBXNativeTarget "FitLockTests" */;
			buildPhases = (
				ED2A49B3165C7FB1008F6F82 /* Sources */,
				ED2A49B4165C7FB1008F6F82 /* Frameworks */,
				ED2A49B5165C7FB1008F6F82 /* Resources */,
				ED2A49B6165C7FB1008F6F82 /* ShellScript */,
			);
			buildRules = (
			);
			dependencies = (
				ED2A49BE165C7FB1008F6F82 /* PBXTargetDependency */,
			);
			name = FitLockTests;
			productName = FitLock2Tests;
			productReference = ED2A49B8165C7FB1008F6F82 /* FitLockTests.octest */;
			productType = "com.apple.product-type.bundle";
		};
/* End PBXNativeTarget section */

/* Begin PBXProject section */
		ED2A497A165C7FB1008F6F82 /* Project object */ = {
			isa = PBXProject;
			attributes = {
				LastUpgradeCheck = 0450;
				ORGANIZATIONNAME = CSCI477;
			};
			buildConfigurationList = ED2A497D165C7FB1008F6F82 /* Build configuration list for PBXProject "FitLock" */;
			compatibilityVersion = "Xcode 3.2";
			developmentRegion = English;
			hasScannedForEncodings = 0;
			knownRegions = (
				en,
			);
			mainGroup = ED2A4978165C7FB1008F6F82;
			productRefGroup = ED2A4984165C7FB1008F6F82 /* Products */;
			projectDirPath = "";
			projectRoot = "";
			targets = (
				ED2A4982165C7FB1008F6F82 /* FitLock */,
				ED2A49B7165C7FB1008F6F82 /* FitLockTests */,
			);
		};
/* End PBXProject section */

/* Begin PBXResourcesBuildPhase section */
		ED2A4981165C7FB1008F6F82 /* Resources */ = {
			isa = PBXResourcesBuildPhase;
			buildActionMask = 2147483647;
			files = (
				ED2A4992165C7FB1008F6F82 /* InfoPlist.strings in Resources */,
				ED2A499A165C7FB1008F6F82 /* Default.png in Resources */,
				ED2A499C165C7FB1008F6F82 /* Default@2x.png in Resources */,
				ED2A499E165C7FB1008F6F82 /* Default-568h@2x.png in Resources */,
				ED2A49A1165C7FB1008F6F82 /* MainStoryboard_iPhone.storyboard in Resources */,
				ED2A49A4165C7FB1008F6F82 /* MainStoryboard_iPad.storyboard in Resources */,
				ED2A49A9165C7FB1008F6F82 /* first.png in Resources */,
				ED2A49AB165C7FB1008F6F82 /* first@2x.png in Resources */,
				ED2A49B0165C7FB1008F6F82 /* second.png in Resources */,
				ED2A49B2165C7FB1008F6F82 /* second@2x.png in Resources */,
				ED2A49DA165C95D1008F6F82 /* bg-1.png in Resources */,
				ED2A49EF165CA657008F6F82 /* me.jpg in Resources */,
				ED2A49F1165CA7B5008F6F82 /* me.png in Resources */,
				ED2A49F3165CB067008F6F82 /* splash.png in Resources */,
				ED2A49F5165CB08F008F6F82 /* Default.png in Resources */,
				ED2A49F7165CB0A4008F6F82 /* Default@2x.png in Resources */,
				ED2A49F9165CB0C6008F6F82 /* Default-568h@2x.png in Resources */,
				ED52546716686E6B00694120 /* icon.png in Resources */,
				ED52546916686EF800694120 /* icon_retina.png in Resources */,
				EDF6069416C228DF00BA4CBA /* nav1.png in Resources */,
				EDF6069516C228DF00BA4CBA /* nav2.png in Resources */,
				EDF6069616C228DF00BA4CBA /* nav3.png in Resources */,
				ED3BA60316D2304200722029 /* pencil.png in Resources */,
				ED3BA60716D231E800722029 /* transparent.gif in Resources */,
				EDD77B4C16E54FC700335F1E /* pencil-1.png in Resources */,
				EDAED65B16EE66370069BBF8 /* countries.plist in Resources */,
				EDF9DF8C1702EB1A002CABC7 /* FriBlue.png in Resources */,
				EDF9DF8D1702EB1A002CABC7 /* FriWhite.png in Resources */,
				EDF9DF8E1702EB1A002CABC7 /* MonBlue.png in Resources */,
				EDF9DF8F1702EB1A002CABC7 /* MonWhite.png in Resources */,
				EDF9DF901702EB1A002CABC7 /* SatBlue.png in Resources */,
				EDF9DF911702EB1A002CABC7 /* SatWhite.png in Resources */,
				EDF9DF921702EB1A002CABC7 /* SunBlue.png in Resources */,
				EDF9DF931702EB1A002CABC7 /* SunWhite.png in Resources */,
				EDF9DF941702EB1A002CABC7 /* ThuBlue.png in Resources */,
				EDF9DF951702EB1A002CABC7 /* ThuWhite.png in Resources */,
				EDF9DF961702EB1A002CABC7 /* TueBlue.png in Resources */,
				EDF9DF971702EB1A002CABC7 /* TueWhite.png in Resources */,
				EDF9DF981702EB1A002CABC7 /* WedBlue.png in Resources */,
				EDF9DF991702EB1A002CABC7 /* WedWhite.png in Resources */,
				EDF475BF1714DF4A00876322 /* FacebookSDKResources.bundle in Resources */,
				EDF475CA1715794B00876322 /* silhouette.png in Resources */,
			);
			runOnlyForDeploymentPostprocessing = 0;
		};
		ED2A49B5165C7FB1008F6F82 /* Resources */ = {
			isa = PBXResourcesBuildPhase;
			buildActionMask = 2147483647;
			files = (
				ED2A49C4165C7FB1008F6F82 /* InfoPlist.strings in Resources */,
			);
			runOnlyForDeploymentPostprocessing = 0;
		};
/* End PBXResourcesBuildPhase section */

/* Begin PBXShellScriptBuildPhase section */
		ED2A49B6165C7FB1008F6F82 /* ShellScript */ = {
			isa = PBXShellScriptBuildPhase;
			buildActionMask = 2147483647;
			files = (
			);
			inputPaths = (
			);
			outputPaths = (
			);
			runOnlyForDeploymentPostprocessing = 0;
			shellPath = /bin/sh;
			shellScript = "# Run the unit tests in this test bundle.\n\"${SYSTEM_DEVELOPER_DIR}/Tools/RunUnitTests\"\n";
		};
/* End PBXShellScriptBuildPhase section */

/* Begin PBXSourcesBuildPhase section */
		ED2A497F165C7FB1008F6F82 /* Sources */ = {
			isa = PBXSourcesBuildPhase;
			buildActionMask = 2147483647;
			files = (
				ED2A4994165C7FB1008F6F82 /* main.m in Sources */,
				ED2A4998165C7FB1008F6F82 /* AppDelegate.m in Sources */,
				ED2A49A7165C7FB1008F6F82 /* FirstViewController.m in Sources */,
				ED2A49AE165C7FB1008F6F82 /* SecondViewController.m in Sources */,
				ED2A49E9165C9FBE008F6F82 /* MyLabel.m in Sources */,
				ED52546C1668945600694120 /* ThirdViewController.m in Sources */,
				ED3BA5FC16D2289600722029 /* UserData.m in Sources */,
				EDAED6A816EE8A4C0069BBF8 /* HistoryViewController.m in Sources */,
				EDF6916417023DF30032D0A2 /* ThirdViewController2.m in Sources */,
				EDF6916717029BC20032D0A2 /* Workout.m in Sources */,
				EDF475C81715335A00876322 /* UserWorkoutHistory.m in Sources */,
			);
			runOnlyForDeploymentPostprocessing = 0;
		};
		ED2A49B3165C7FB1008F6F82 /* Sources */ = {
			isa = PBXSourcesBuildPhase;
			buildActionMask = 2147483647;
			files = (
				ED2A49C7165C7FB1008F6F82 /* FitLock2Tests.m in Sources */,
			);
			runOnlyForDeploymentPostprocessing = 0;
		};
/* End PBXSourcesBuildPhase section */

/* Begin PBXTargetDependency section */
		ED2A49BE165C7FB1008F6F82 /* PBXTargetDependency */ = {
			isa = PBXTargetDependency;
			target = ED2A4982165C7FB1008F6F82 /* FitLock */;
			targetProxy = ED2A49BD165C7FB1008F6F82 /* PBXContainerItemProxy */;
		};
/* End PBXTargetDependency section */

/* Begin PBXVariantGroup section */
		ED2A4990165C7FB1008F6F82 /* InfoPlist.strings */ = {
			isa = PBXVariantGroup;
			children = (
				ED2A4991165C7FB1008F6F82 /* en */,
			);
			name = InfoPlist.strings;
			sourceTree = "<group>";
		};
		ED2A499F165C7FB1008F6F82 /* MainStoryboard_iPhone.storyboard */ = {
			isa = PBXVariantGroup;
			children = (
				ED2A49A0165C7FB1008F6F82 /* en */,
			);
			name = MainStoryboard_iPhone.storyboard;
			sourceTree = "<group>";
		};
		ED2A49A2165C7FB1008F6F82 /* MainStoryboard_iPad.storyboard */ = {
			isa = PBXVariantGroup;
			children = (
				ED2A49A3165C7FB1008F6F82 /* en */,
			);
			name = MainStoryboard_iPad.storyboard;
			sourceTree = "<group>";
		};
		ED2A49C2165C7FB1008F6F82 /* InfoPlist.strings */ = {
			isa = PBXVariantGroup;
			children = (
				ED2A49C3165C7FB1008F6F82 /* en */,
			);
			name = InfoPlist.strings;
			sourceTree = "<group>";
		};
/* End PBXVariantGroup section */

/* Begin XCBuildConfiguration section */
		ED2A49C8165C7FB1008F6F82 /* Debug */ = {
			isa = XCBuildConfiguration;
			buildSettings = {
				ALWAYS_SEARCH_USER_PATHS = NO;
				CLANG_CXX_LANGUAGE_STANDARD = "gnu++0x";
				CLANG_CXX_LIBRARY = "libc++";
				CLANG_ENABLE_OBJC_ARC = YES;
				CLANG_WARN_EMPTY_BODY = YES;
				CLANG_WARN__DUPLICATE_METHOD_MATCH = YES;
				"CODE_SIGN_IDENTITY[sdk=iphoneos*]" = "iPhone Developer";
				COPY_PHASE_STRIP = NO;
				GCC_C_LANGUAGE_STANDARD = gnu99;
				GCC_DYNAMIC_NO_PIC = NO;
				GCC_OPTIMIZATION_LEVEL = 0;
				GCC_PREPROCESSOR_DEFINITIONS = (
					"DEBUG=1",
					"$(inherited)",
				);
				GCC_SYMBOLS_PRIVATE_EXTERN = NO;
				GCC_WARN_ABOUT_RETURN_TYPE = YES;
				GCC_WARN_UNINITIALIZED_AUTOS = YES;
				GCC_WARN_UNUSED_VARIABLE = YES;
				IPHONEOS_DEPLOYMENT_TARGET = 6.0;
				ONLY_ACTIVE_ARCH = YES;
				SDKROOT = iphoneos;
				TARGETED_DEVICE_FAMILY = "1,2";
			};
			name = Debug;
		};
		ED2A49C9165C7FB1008F6F82 /* Release */ = {
			isa = XCBuildConfiguration;
			buildSettings = {
				ALWAYS_SEARCH_USER_PATHS = NO;
				CLANG_CXX_LANGUAGE_STANDARD = "gnu++0x";
				CLANG_CXX_LIBRARY = "libc++";
				CLANG_ENABLE_OBJC_ARC = YES;
				CLANG_WARN_EMPTY_BODY = YES;
				CLANG_WARN__DUPLICATE_METHOD_MATCH = YES;
				"CODE_SIGN_IDENTITY[sdk=iphoneos*]" = "iPhone Developer";
				COPY_PHASE_STRIP = YES;
				GCC_C_LANGUAGE_STANDARD = gnu99;
				GCC_WARN_ABOUT_RETURN_TYPE = YES;
				GCC_WARN_UNINITIALIZED_AUTOS = YES;
				GCC_WARN_UNUSED_VARIABLE = YES;
				IPHONEOS_DEPLOYMENT_TARGET = 6.0;
				OTHER_CFLAGS = "-DNS_BLOCK_ASSERTIONS=1";
				SDKROOT = iphoneos;
				TARGETED_DEVICE_FAMILY = "1,2";
				VALIDATE_PRODUCT = YES;
			};
			name = Release;
		};
		ED2A49CB165C7FB1008F6F82 /* Debug */ = {
			isa = XCBuildConfiguration;
			buildSettings = {
				FRAMEWORK_SEARCH_PATHS = (
					"$(inherited)",
					"\"$(SRCROOT)\"",
				);
				GCC_PRECOMPILE_PREFIX_HEADER = YES;
				GCC_PREFIX_HEADER = "FitLock2/FitLock-Prefix.pch";
				INFOPLIST_FILE = "FitLock2/FitLock-Info.plist";
				OTHER_LDFLAGS = (
					"-lsqlite3.0",
					"-ObjC",
				);
				PRODUCT_NAME = FitLock;
				WRAPPER_EXTENSION = app;
			};
			name = Debug;
		};
		ED2A49CC165C7FB1008F6F82 /* Release */ = {
			isa = XCBuildConfiguration;
			buildSettings = {
				FRAMEWORK_SEARCH_PATHS = (
					"$(inherited)",
					"\"$(SRCROOT)\"",
				);
				GCC_PRECOMPILE_PREFIX_HEADER = YES;
				GCC_PREFIX_HEADER = "FitLock2/FitLock-Prefix.pch";
				INFOPLIST_FILE = "FitLock2/FitLock-Info.plist";
				OTHER_LDFLAGS = (
					"-lsqlite3.0",
					"-ObjC",
				);
				PRODUCT_NAME = FitLock;
				WRAPPER_EXTENSION = app;
			};
			name = Release;
		};
		ED2A49CE165C7FB1008F6F82 /* Debug */ = {
			isa = XCBuildConfiguration;
			buildSettings = {
				BUNDLE_LOADER = "$(BUILT_PRODUCTS_DIR)/FitLock2.app/FitLock2";
				FRAMEWORK_SEARCH_PATHS = (
					"\"$(SDKROOT)/Developer/Library/Frameworks\"",
					"\"$(DEVELOPER_LIBRARY_DIR)/Frameworks\"",
				);
				GCC_PRECOMPILE_PREFIX_HEADER = YES;
				GCC_PREFIX_HEADER = "FitLock2/FitLock2-Prefix.pch";
				INFOPLIST_FILE = "FitLock2Tests/FitLockTests-Info.plist";
				PRODUCT_NAME = FitLockTests;
				TEST_HOST = "$(BUNDLE_LOADER)";
				WRAPPER_EXTENSION = octest;
			};
			name = Debug;
		};
		ED2A49CF165C7FB1008F6F82 /* Release */ = {
			isa = XCBuildConfiguration;
			buildSettings = {
				BUNDLE_LOADER = "$(BUILT_PRODUCTS_DIR)/FitLock2.app/FitLock2";
				FRAMEWORK_SEARCH_PATHS = (
					"\"$(SDKROOT)/Developer/Library/Frameworks\"",
					"\"$(DEVELOPER_LIBRARY_DIR)/Frameworks\"",
				);
				GCC_PRECOMPILE_PREFIX_HEADER = YES;
				GCC_PREFIX_HEADER = "FitLock2/FitLock2-Prefix.pch";
				INFOPLIST_FILE = "FitLock2Tests/FitLockTests-Info.plist";
				PRODUCT_NAME = FitLockTests;
				TEST_HOST = "$(BUNDLE_LOADER)";
				WRAPPER_EXTENSION = octest;
			};
			name = Release;
		};
/* End XCBuildConfiguration section */

/* Begin XCConfigurationList section */
		ED2A497D165C7FB1008F6F82 /* Build configuration list for PBXProject "FitLock" */ = {
			isa = XCConfigurationList;
			buildConfigurations = (
				ED2A49C8165C7FB1008F6F82 /* Debug */,
				ED2A49C9165C7FB1008F6F82 /* Release */,
			);
			defaultConfigurationIsVisible = 0;
			defaultConfigurationName = Release;
		};
		ED2A49CA165C7FB1008F6F82 /* Build configuration list for PBXNativeTarget "FitLock" */ = {
			isa = XCConfigurationList;
			buildConfigurations = (
				ED2A49CB165C7FB1008F6F82 /* Debug */,
				ED2A49CC165C7FB1008F6F82 /* Release */,
			);
			defaultConfigurationIsVisible = 0;
			defaultConfigurationName = Release;
		};
		ED2A49CD165C7FB1008F6F82 /* Build configuration list for PBXNativeTarget "FitLockTests" */ = {
			isa = XCConfigurationList;
			buildConfigurations = (
				ED2A49CE165C7FB1008F6F82 /* Debug */,
				ED2A49CF165C7FB1008F6F82 /* Release */,
			);
			defaultConfigurationIsVisible = 0;
			defaultConfigurationName = Release;
		};
/* End XCConfigurationList section */
	};
	rootObject = ED2A497A165C7FB1008F6F82 /* Project object */;
}
